
Microsoft Visual Studio Solution File, Format Version 12.00
# Visual Studio Version 17
VisualStudioVersion = 17.0.31903.59
MinimumVisualStudioVersion = 10.0.40219.1
Project("{2150E333-8FDC-42A3-9474-1A3956D46DE8}") = "src", "src", "{552DD9C5-B11B-4AEC-8C8F-8DA7BF1DC682}"
EndProject
Project("{9A19103F-16F7-4668-BE54-9A1E7A4F7556}") = "FormulaOneMemoryManagement", "src\FormulaOneMemoryManagement.csproj", "{F967012B-C754-4CA9-B272-7DEF0C5D208A}"
EndProject
Global
	GlobalSection(SolutionConfigurationPlatforms) = preSolution
		Debug|Any CPU = Debug|Any CPU
		Release|Any CPU = Release|Any CPU
	EndGlobalSection
	GlobalSection(ProjectConfigurationPlatforms) = postSolution
		{F967012B-C754-4CA9-B272-7DEF0C5D208A}.Debug|Any CPU.ActiveCfg = Debug|Any CPU
		{F967012B-C754-4CA9-B272-7DEF0C5D208A}.Debug|Any CPU.Build.0 = Debug|Any CPU
		{F967012B-C754-4CA9-B272-7DEF0C5D208A}.Release|Any CPU.ActiveCfg = Release|Any CPU
		{F967012B-C754-4CA9-B272-7DEF0C5D208A}.Release|Any CPU.Build.0 = Release|Any CPU
	EndGlobalSection
	GlobalSection(SolutionProperties) = preSolution
		HideSolutionNode = FALSE
	EndGlobalSection
	GlobalSection(NestedProjects) = preSolution
		{F967012B-C754-4CA9-B272-7DEF0C5D208A} = {552DD9C5-B11B-4AEC-8C8F-8DA7BF1DC682}
	EndGlobalSection
	GlobalSection(ExtensibilityGlobals) = postSolution
		SolutionGuid = {909E76DB-7438-4EA5-A25D-101BF6933DAB}
	EndGlobalSection
EndGlobal
